
Microsoft Visual Studio Solution File, Format Version 12.00
# Visual Studio Version 17
VisualStudioVersion = 17.5.002.0
MinimumVisualStudioVersion = 10.0.40219.1
Project("{9A19103F-16F7-4668-BE54-9A1E7A4F7556}") = "mis-221-lab-4-smrayon", "mis-221-lab-4-smrayon.csproj", "{0A9E5BD3-3301-48A9-861E-01A8C9D467CE}"
EndProject
Global
	GlobalSection(SolutionConfigurationPlatforms) = preSolution
		Debug|Any CPU = Debug|Any CPU
		Release|Any CPU = Release|Any CPU
	EndGlobalSection
	GlobalSection(ProjectConfigurationPlatforms) = postSolution
		{0A9E5BD3-3301-48A9-861E-01A8C9D467CE}.Debug|Any CPU.ActiveCfg = Debug|Any CPU
		{0A9E5BD3-3301-48A9-861E-01A8C9D467CE}.Debug|Any CPU.Build.0 = Debug|Any CPU
		{0A9E5BD3-3301-48A9-861E-01A8C9D467CE}.Release|Any CPU.ActiveCfg = Release|Any CPU
		{0A9E5BD3-3301-48A9-861E-01A8C9D467CE}.Release|Any CPU.Build.0 = Release|Any CPU
	EndGlobalSection
	GlobalSection(SolutionProperties) = preSolution
		HideSolutionNode = FALSE
	EndGlobalSection
	GlobalSection(ExtensibilityGlobals) = postSolution
		SolutionGuid = {82419D36-0EBA-422C-97AD-224412B3D930}
	EndGlobalSection
EndGlobal
